
Microsoft Visual Studio Solution File, Format Version 12.00
# Visual Studio Version 16
VisualStudioVersion = 16.0.30225.117
MinimumVisualStudioVersion = 10.0.40219.1
Project("{FAE04EC0-301F-11D3-BF4B-00C04F79EFBC}") = "ScanerApi", "ScanerApi\ScanerApi.csproj", "{63676B31-9510-4C4A-80DB-DC35B8BD9F30}"
EndProject
Project("{FAE04EC0-301F-11D3-BF4B-00C04F79EFBC}") = "Business", "Business\Business.csproj", "{32D9AD92-D46A-4D12-BFB3-39B1A023A0DB}"
EndProject
Project("{FAE04EC0-301F-11D3-BF4B-00C04F79EFBC}") = "Data", "Data\Data.csproj", "{412D2736-DC38-4C5F-9B43-0F4BD4D6062D}"
EndProject
Project("{FAE04EC0-301F-11D3-BF4B-00C04F79EFBC}") = "Common", "Common\Common.csproj", "{7D4D2D5B-7EEC-4A19-91F6-880A66333698}"
EndProject
Project("{00D1A9C2-B5F0-4AF3-8072-F6C62B433612}") = "Database", "Database\Database.sqlproj", "{40768A1D-5A16-487D-8674-BCC20A8433DA}"
EndProject
Project("{FAE04EC0-301F-11D3-BF4B-00C04F79EFBC}") = "DatabaseMigrations", "DatabaseMigrations\DatabaseMigrations.csproj", "{4882937B-8087-4CCA-9C2B-CC593866B412}"
EndProject
Global
	GlobalSection(SolutionConfigurationPlatforms) = preSolution
		Debug|Any CPU = Debug|Any CPU
		Release|Any CPU = Release|Any CPU
	EndGlobalSection
	GlobalSection(ProjectConfigurationPlatforms) = postSolution
		{63676B31-9510-4C4A-80DB-DC35B8BD9F30}.Debug|Any CPU.ActiveCfg = Debug|Any CPU
		{63676B31-9510-4C4A-80DB-DC35B8BD9F30}.Debug|Any CPU.Build.0 = Debug|Any CPU
		{63676B31-9510-4C4A-80DB-DC35B8BD9F30}.Release|Any CPU.ActiveCfg = Release|Any CPU
		{63676B31-9510-4C4A-80DB-DC35B8BD9F30}.Release|Any CPU.Build.0 = Release|Any CPU
		{32D9AD92-D46A-4D12-BFB3-39B1A023A0DB}.Debug|Any CPU.ActiveCfg = Debug|Any CPU
		{32D9AD92-D46A-4D12-BFB3-39B1A023A0DB}.Debug|Any CPU.Build.0 = Debug|Any CPU
		{32D9AD92-D46A-4D12-BFB3-39B1A023A0DB}.Release|Any CPU.ActiveCfg = Release|Any CPU
		{32D9AD92-D46A-4D12-BFB3-39B1A023A0DB}.Release|Any CPU.Build.0 = Release|Any CPU
		{412D2736-DC38-4C5F-9B43-0F4BD4D6062D}.Debug|Any CPU.ActiveCfg = Debug|Any CPU
		{412D2736-DC38-4C5F-9B43-0F4BD4D6062D}.Debug|Any CPU.Build.0 = Debug|Any CPU
		{412D2736-DC38-4C5F-9B43-0F4BD4D6062D}.Release|Any CPU.ActiveCfg = Release|Any CPU
		{412D2736-DC38-4C5F-9B43-0F4BD4D6062D}.Release|Any CPU.Build.0 = Release|Any CPU
		{7D4D2D5B-7EEC-4A19-91F6-880A66333698}.Debug|Any CPU.ActiveCfg = Debug|Any CPU
		{7D4D2D5B-7EEC-4A19-91F6-880A66333698}.Debug|Any CPU.Build.0 = Debug|Any CPU
		{7D4D2D5B-7EEC-4A19-91F6-880A66333698}.Release|Any CPU.ActiveCfg = Release|Any CPU
		{7D4D2D5B-7EEC-4A19-91F6-880A66333698}.Release|Any CPU.Build.0 = Release|Any CPU
		{40768A1D-5A16-487D-8674-BCC20A8433DA}.Debug|Any CPU.ActiveCfg = Debug|Any CPU
		{40768A1D-5A16-487D-8674-BCC20A8433DA}.Debug|Any CPU.Build.0 = Debug|Any CPU
		{40768A1D-5A16-487D-8674-BCC20A8433DA}.Debug|Any CPU.Deploy.0 = Debug|Any CPU
		{40768A1D-5A16-487D-8674-BCC20A8433DA}.Release|Any CPU.ActiveCfg = Release|Any CPU
		{40768A1D-5A16-487D-8674-BCC20A8433DA}.Release|Any CPU.Build.0 = Release|Any CPU
		{40768A1D-5A16-487D-8674-BCC20A8433DA}.Release|Any CPU.Deploy.0 = Release|Any CPU
		{4882937B-8087-4CCA-9C2B-CC593866B412}.Debug|Any CPU.ActiveCfg = Debug|Any CPU
		{4882937B-8087-4CCA-9C2B-CC593866B412}.Debug|Any CPU.Build.0 = Debug|Any CPU
		{4882937B-8087-4CCA-9C2B-CC593866B412}.Release|Any CPU.ActiveCfg = Release|Any CPU
		{4882937B-8087-4CCA-9C2B-CC593866B412}.Release|Any CPU.Build.0 = Release|Any CPU
	EndGlobalSection
	GlobalSection(SolutionProperties) = preSolution
		HideSolutionNode = FALSE
	EndGlobalSection
	GlobalSection(ExtensibilityGlobals) = postSolution
		SolutionGuid = {69009F09-CF68-4D49-876F-797287E4668B}
	EndGlobalSection
EndGlobal
