
Microsoft Visual Studio Solution File, Format Version 12.00
# Visual Studio Version 16
VisualStudioVersion = 16.0.30225.117
MinimumVisualStudioVersion = 10.0.40219.1
Project("{FAE04EC0-301F-11D3-BF4B-00C04F79EFBC}") = "ScanerApi", "ScanerApi\ScanerApi.csproj", "{63676B31-9510-4C4A-80DB-DC35B8BD9F30}"
EndProject
Project("{FAE04EC0-301F-11D3-BF4B-00C04F79EFBC}") = "Business", "Business\Business.csproj", "{32D9AD92-D46A-4D12-BFB3-39B1A023A0DB}"
EndProject
Project("{FAE04EC0-301F-11D3-BF4B-00C04F79EFBC}") = "Data", "Data\Data.csproj", "{412D2736-DC38-4C5F-9B43-0F4BD4D6062D}"
EndProject
Project("{FAE04EC0-301F-11D3-BF4B-00C04F79EFBC}") = "Common", "Common\Common.csproj", "{7D4D2D5B-7EEC-4A19-91F6-880A66333698}"
EndProject
Global
	GlobalSection(SolutionConfigurationPlatforms) = preSolution
		Debug|Any CPU = Debug|Any CPU
		Release|Any CPU = Release|Any CPU
	EndGlobalSection
	GlobalSection(ProjectConfigurationPlatforms) = postSolution
		{63676B31-9510-4C4A-80DB-DC35B8BD9F30}.Debug|Any CPU.ActiveCfg = Debug|Any CPU
		{63676B31-9510-4C4A-80DB-DC35B8BD9F30}.Debug|Any CPU.Build.0 = Debug|Any CPU
		{63676B31-9510-4C4A-80DB-DC35B8BD9F30}.Release|Any CPU.ActiveCfg = Release|Any CPU
		{63676B31-9510-4C4A-80DB-DC35B8BD9F30}.Release|Any CPU.Build.0 = Release|Any CPU
		{32D9AD92-D46A-4D12-BFB3-39B1A023A0DB}.Debug|Any CPU.ActiveCfg = Debug|Any CPU
		{32D9AD92-D46A-4D12-BFB3-39B1A023A0DB}.Debug|Any CPU.Build.0 = Debug|Any CPU
		{32D9AD92-D46A-4D12-BFB3-39B1A023A0DB}.Release|Any CPU.ActiveCfg = Release|Any CPU
		{32D9AD92-D46A-4D12-BFB3-39B1A023A0DB}.Release|Any CPU.Build.0 = Release|Any CPU
		{412D2736-DC38-4C5F-9B43-0F4BD4D6062D}.Debug|Any CPU.ActiveCfg = Debug|Any CPU
		{412D2736-DC38-4C5F-9B43-0F4BD4D6062D}.Debug|Any CPU.Build.0 = Debug|Any CPU
		{412D2736-DC38-4C5F-9B43-0F4BD4D6062D}.Release|Any CPU.ActiveCfg = Release|Any CPU
		{412D2736-DC38-4C5F-9B43-0F4BD4D6062D}.Release|Any CPU.Build.0 = Release|Any CPU
		{7D4D2D5B-7EEC-4A19-91F6-880A66333698}.Debug|Any CPU.ActiveCfg = Debug|Any CPU
		{7D4D2D5B-7EEC-4A19-91F6-880A66333698}.Debug|Any CPU.Build.0 = Debug|Any CPU
		{7D4D2D5B-7EEC-4A19-91F6-880A66333698}.Release|Any CPU.ActiveCfg = Release|Any CPU
		{7D4D2D5B-7EEC-4A19-91F6-880A66333698}.Release|Any CPU.Build.0 = Release|Any CPU
	EndGlobalSection
	GlobalSection(SolutionProperties) = preSolution
		HideSolutionNode = FALSE
	EndGlobalSection
	GlobalSection(ExtensibilityGlobals) = postSolution
		SolutionGuid = {69009F09-CF68-4D49-876F-797287E4668B}
	EndGlobalSection
EndGlobal
